
Microsoft Visual Studio Solution File, Format Version 12.00
# Visual Studio 2017
Project("{FAE04EC0-301F-11D3-BF4B-00C04F79EFBC}") = "Build_a_bot_prototype", "Build_a_bot_prototype.csproj", "{69828D1F-68FE-277A-C17C-618189EF46C5}"
EndProject
Global
	GlobalSection(SolutionConfigurationPlatforms) = preSolution
		Debug|Any CPU = Debug|Any CPU
		Release|Any CPU = Release|Any CPU
	EndGlobalSection
	GlobalSection(ProjectConfigurationPlatforms) = postSolution
		{69828D1F-68FE-277A-C17C-618189EF46C5}.Debug|Any CPU.ActiveCfg = Debug|Any CPU
		{69828D1F-68FE-277A-C17C-618189EF46C5}.Debug|Any CPU.Build.0 = Debug|Any CPU
		{69828D1F-68FE-277A-C17C-618189EF46C5}.Release|Any CPU.ActiveCfg = Release|Any CPU
		{69828D1F-68FE-277A-C17C-618189EF46C5}.Release|Any CPU.Build.0 = Release|Any CPU
	EndGlobalSection
	GlobalSection(SolutionProperties) = preSolution
		HideSolutionNode = FALSE
	EndGlobalSection
EndGlobal
